
Microsoft Visual Studio Solution File, Format Version 12.00
# Visual Studio Version 16
VisualStudioVersion = 16.0.29911.84
MinimumVisualStudioVersion = 10.0.40219.1
Project("{2150E333-8FDC-42A3-9474-1A3956D46DE8}") = "src", "src", "{588E1233-7D80-42F4-98B7-3890A6580BCE}"
EndProject
Project("{9A19103F-16F7-4668-BE54-9A1E7A4F7556}") = "Microsoft.O365.ActionableMessages.Utilities", "src\Microsoft.O365.ActionableMessages.Utilities\Microsoft.O365.ActionableMessages.Utilities.csproj", "{58DD1B2C-E3FF-4F85-8A62-E135A5754F98}"
EndProject
Project("{2150E333-8FDC-42A3-9474-1A3956D46DE8}") = "test", "test", "{266DCB29-10B5-4426-AFC9-B29ED36B5405}"
EndProject
Project("{9A19103F-16F7-4668-BE54-9A1E7A4F7556}") = "Microsoft.O365.ActionableMessages.Utilities.Tests", "test\Microsoft.O365.ActionableMessages.Utilities.Tests\Microsoft.O365.ActionableMessages.Utilities.Tests.csproj", "{FDD9A7EB-199E-421A-9312-37A6CEF666BE}"
EndProject
Global
	GlobalSection(SolutionConfigurationPlatforms) = preSolution
		Debug|Any CPU = Debug|Any CPU
		Release|Any CPU = Release|Any CPU
	EndGlobalSection
	GlobalSection(ProjectConfigurationPlatforms) = postSolution
		{58DD1B2C-E3FF-4F85-8A62-E135A5754F98}.Debug|Any CPU.ActiveCfg = Debug|Any CPU
		{58DD1B2C-E3FF-4F85-8A62-E135A5754F98}.Debug|Any CPU.Build.0 = Debug|Any CPU
		{58DD1B2C-E3FF-4F85-8A62-E135A5754F98}.Release|Any CPU.ActiveCfg = Release|Any CPU
		{58DD1B2C-E3FF-4F85-8A62-E135A5754F98}.Release|Any CPU.Build.0 = Release|Any CPU
		{FDD9A7EB-199E-421A-9312-37A6CEF666BE}.Debug|Any CPU.ActiveCfg = Debug|Any CPU
		{FDD9A7EB-199E-421A-9312-37A6CEF666BE}.Debug|Any CPU.Build.0 = Debug|Any CPU
		{FDD9A7EB-199E-421A-9312-37A6CEF666BE}.Release|Any CPU.ActiveCfg = Release|Any CPU
		{FDD9A7EB-199E-421A-9312-37A6CEF666BE}.Release|Any CPU.Build.0 = Release|Any CPU
	EndGlobalSection
	GlobalSection(SolutionProperties) = preSolution
		HideSolutionNode = FALSE
	EndGlobalSection
	GlobalSection(NestedProjects) = preSolution
		{58DD1B2C-E3FF-4F85-8A62-E135A5754F98} = {588E1233-7D80-42F4-98B7-3890A6580BCE}
		{FDD9A7EB-199E-421A-9312-37A6CEF666BE} = {266DCB29-10B5-4426-AFC9-B29ED36B5405}
	EndGlobalSection
	GlobalSection(ExtensibilityGlobals) = postSolution
		SolutionGuid = {14EB61FC-06A6-4887-A0EB-A4F383894A48}
	EndGlobalSection
EndGlobal
